{
  "name": "techspeak",
  "version": "0.1.0",
  "lockfileVersion": 3,
  "requires": true,
  "packages": {
    "": {
      "name": "techspeak",
      "version": "0.1.0",
      "workspaces": [
        "packages/backend",
        "packages/web",
        "packages/desktop"
      ],
      "engines": {
        "node": ">=20"
      }
    },
    "node_modules/@techspeak/backend": {
      "resolved": "packages/backend",
      "link": true
    },
    "node_modules/@techspeak/desktop": {
      "resolved": "packages/desktop",
      "link": true
    },
    "node_modules/@techspeak/web": {
      "resolved": "packages/web",
      "link": true
    },
    "packages/backend": {
      "name": "@techspeak/backend",
      "version": "0.1.0"
    },
    "packages/desktop": {
      "name": "@techspeak/desktop",
      "version": "0.1.0"
    },
    "packages/web": {
      "name": "@techspeak/web",
      "version": "0.1.0"
    }
  }
}
